
Microsoft Visual Studio Solution File, Format Version 12.00
# Visual Studio Version 16
VisualStudioVersion = 16.0.29424.173
MinimumVisualStudioVersion = 10.0.40219.1
Project("{FAE04EC0-301F-11D3-BF4B-00C04F79EFBC}") = "LifeStyleMenegmentUsers", "LifeStyleMenegmentUsers\LifeStyleMenegmentUsers.csproj", "{82600853-BB96-405B-A72F-A73243CF1CC9}"
EndProject
Global
	GlobalSection(SolutionConfigurationPlatforms) = preSolution
		Debug|Any CPU = Debug|Any CPU
		Release|Any CPU = Release|Any CPU
	EndGlobalSection
	GlobalSection(ProjectConfigurationPlatforms) = postSolution
		{82600853-BB96-405B-A72F-A73243CF1CC9}.Debug|Any CPU.ActiveCfg = Debug|Any CPU
		{82600853-BB96-405B-A72F-A73243CF1CC9}.Debug|Any CPU.Build.0 = Debug|Any CPU
		{82600853-BB96-405B-A72F-A73243CF1CC9}.Release|Any CPU.ActiveCfg = Release|Any CPU
		{82600853-BB96-405B-A72F-A73243CF1CC9}.Release|Any CPU.Build.0 = Release|Any CPU
	EndGlobalSection
	GlobalSection(SolutionProperties) = preSolution
		HideSolutionNode = FALSE
	EndGlobalSection
	GlobalSection(ExtensibilityGlobals) = postSolution
		SolutionGuid = {EAEA20BC-8D6F-47A8-BB80-F1C04AEE539F}
	EndGlobalSection
EndGlobal
